
Microsoft Visual Studio Solution File, Format Version 12.00
# Visual Studio Version 17
VisualStudioVersion = 17.0.31903.59
MinimumVisualStudioVersion = 10.0.40219.1
Project("{2150E333-8FDC-42A3-9474-1A3956D46DE8}") = "backend", "backend", "{1AE8ACA6-933B-BF2A-3671-3E2EAC007D16}"
EndProject
Project("{FAE04EC0-301F-11D3-BF4B-00C04F79EFBC}") = "Korp.StockService", "backend\Korp.StockService\Korp.StockService.csproj", "{0E4AA467-3C21-4D74-BB35-2E839EC280A6}"
EndProject
Project("{2150E333-8FDC-42A3-9474-1A3956D46DE8}") = "tests", "tests", "{0AB3BF05-4346-4AA6-1389-037BE0695223}"
EndProject
Project("{FAE04EC0-301F-11D3-BF4B-00C04F79EFBC}") = "Korp.StockService.Tests", "tests\Korp.StockService.Tests\Korp.StockService.Tests.csproj", "{C8B1058A-7435-4484-9FC3-02DBE3023E0C}"
EndProject
Project("{FAE04EC0-301F-11D3-BF4B-00C04F79EFBC}") = "Korp.BillingService", "backend\Korp.BillingService\Korp.BillingService.csproj", "{3E0F0E00-610F-4187-A356-5AA1AFE48821}"
EndProject
Project("{FAE04EC0-301F-11D3-BF4B-00C04F79EFBC}") = "Korp.BillingService.Tests", "tests\Korp.BillingService.Tests\Korp.BillingService.Tests.csproj", "{1A8964E5-B9EF-43E6-B945-97E48C5C18DB}"
EndProject
Global
	GlobalSection(SolutionConfigurationPlatforms) = preSolution
		Debug|Any CPU = Debug|Any CPU
		Debug|x64 = Debug|x64
		Debug|x86 = Debug|x86
		Release|Any CPU = Release|Any CPU
		Release|x64 = Release|x64
		Release|x86 = Release|x86
	EndGlobalSection
	GlobalSection(ProjectConfigurationPlatforms) = postSolution
		{0E4AA467-3C21-4D74-BB35-2E839EC280A6}.Debug|Any CPU.ActiveCfg = Debug|Any CPU
		{0E4AA467-3C21-4D74-BB35-2E839EC280A6}.Debug|Any CPU.Build.0 = Debug|Any CPU
		{0E4AA467-3C21-4D74-BB35-2E839EC280A6}.Debug|x64.ActiveCfg = Debug|Any CPU
		{0E4AA467-3C21-4D74-BB35-2E839EC280A6}.Debug|x64.Build.0 = Debug|Any CPU
		{0E4AA467-3C21-4D74-BB35-2E839EC280A6}.Debug|x86.ActiveCfg = Debug|Any CPU
		{0E4AA467-3C21-4D74-BB35-2E839EC280A6}.Debug|x86.Build.0 = Debug|Any CPU
		{0E4AA467-3C21-4D74-BB35-2E839EC280A6}.Release|Any CPU.ActiveCfg = Release|Any CPU
		{0E4AA467-3C21-4D74-BB35-2E839EC280A6}.Release|Any CPU.Build.0 = Release|Any CPU
		{0E4AA467-3C21-4D74-BB35-2E839EC280A6}.Release|x64.ActiveCfg = Release|Any CPU
		{0E4AA467-3C21-4D74-BB35-2E839EC280A6}.Release|x64.Build.0 = Release|Any CPU
		{0E4AA467-3C21-4D74-BB35-2E839EC280A6}.Release|x86.ActiveCfg = Release|Any CPU
		{0E4AA467-3C21-4D74-BB35-2E839EC280A6}.Release|x86.Build.0 = Release|Any CPU
		{C8B1058A-7435-4484-9FC3-02DBE3023E0C}.Debug|Any CPU.ActiveCfg = Debug|Any CPU
		{C8B1058A-7435-4484-9FC3-02DBE3023E0C}.Debug|Any CPU.Build.0 = Debug|Any CPU
		{C8B1058A-7435-4484-9FC3-02DBE3023E0C}.Debug|x64.ActiveCfg = Debug|Any CPU
		{C8B1058A-7435-4484-9FC3-02DBE3023E0C}.Debug|x64.Build.0 = Debug|Any CPU
		{C8B1058A-7435-4484-9FC3-02DBE3023E0C}.Debug|x86.ActiveCfg = Debug|Any CPU
		{C8B1058A-7435-4484-9FC3-02DBE3023E0C}.Debug|x86.Build.0 = Debug|Any CPU
		{C8B1058A-7435-4484-9FC3-02DBE3023E0C}.Release|Any CPU.ActiveCfg = Release|Any CPU
		{C8B1058A-7435-4484-9FC3-02DBE3023E0C}.Release|Any CPU.Build.0 = Release|Any CPU
		{C8B1058A-7435-4484-9FC3-02DBE3023E0C}.Release|x64.ActiveCfg = Release|Any CPU
		{C8B1058A-7435-4484-9FC3-02DBE3023E0C}.Release|x64.Build.0 = Release|Any CPU
		{C8B1058A-7435-4484-9FC3-02DBE3023E0C}.Release|x86.ActiveCfg = Release|Any CPU
		{C8B1058A-7435-4484-9FC3-02DBE3023E0C}.Release|x86.Build.0 = Release|Any CPU
		{3E0F0E00-610F-4187-A356-5AA1AFE48821}.Debug|Any CPU.ActiveCfg = Debug|Any CPU
		{3E0F0E00-610F-4187-A356-5AA1AFE48821}.Debug|Any CPU.Build.0 = Debug|Any CPU
		{3E0F0E00-610F-4187-A356-5AA1AFE48821}.Debug|x64.ActiveCfg = Debug|Any CPU
		{3E0F0E00-610F-4187-A356-5AA1AFE48821}.Debug|x64.Build.0 = Debug|Any CPU
		{3E0F0E00-610F-4187-A356-5AA1AFE48821}.Debug|x86.ActiveCfg = Debug|Any CPU
		{3E0F0E00-610F-4187-A356-5AA1AFE48821}.Debug|x86.Build.0 = Debug|Any CPU
		{3E0F0E00-610F-4187-A356-5AA1AFE48821}.Release|Any CPU.ActiveCfg = Release|Any CPU
		{3E0F0E00-610F-4187-A356-5AA1AFE48821}.Release|Any CPU.Build.0 = Release|Any CPU
		{3E0F0E00-610F-4187-A356-5AA1AFE48821}.Release|x64.ActiveCfg = Release|Any CPU
		{3E0F0E00-610F-4187-A356-5AA1AFE48821}.Release|x64.Build.0 = Release|Any CPU
		{3E0F0E00-610F-4187-A356-5AA1AFE48821}.Release|x86.ActiveCfg = Release|Any CPU
		{3E0F0E00-610F-4187-A356-5AA1AFE48821}.Release|x86.Build.0 = Release|Any CPU
		{1A8964E5-B9EF-43E6-B945-97E48C5C18DB}.Debug|Any CPU.ActiveCfg = Debug|Any CPU
		{1A8964E5-B9EF-43E6-B945-97E48C5C18DB}.Debug|Any CPU.Build.0 = Debug|Any CPU
		{1A8964E5-B9EF-43E6-B945-97E48C5C18DB}.Debug|x64.ActiveCfg = Debug|Any CPU
		{1A8964E5-B9EF-43E6-B945-97E48C5C18DB}.Debug|x64.Build.0 = Debug|Any CPU
		{1A8964E5-B9EF-43E6-B945-97E48C5C18DB}.Debug|x86.ActiveCfg = Debug|Any CPU
		{1A8964E5-B9EF-43E6-B945-97E48C5C18DB}.Debug|x86.Build.0 = Debug|Any CPU
		{1A8964E5-B9EF-43E6-B945-97E48C5C18DB}.Release|Any CPU.ActiveCfg = Release|Any CPU
		{1A8964E5-B9EF-43E6-B945-97E48C5C18DB}.Release|Any CPU.Build.0 = Release|Any CPU
		{1A8964E5-B9EF-43E6-B945-97E48C5C18DB}.Release|x64.ActiveCfg = Release|Any CPU
		{1A8964E5-B9EF-43E6-B945-97E48C5C18DB}.Release|x64.Build.0 = Release|Any CPU
		{1A8964E5-B9EF-43E6-B945-97E48C5C18DB}.Release|x86.ActiveCfg = Release|Any CPU
		{1A8964E5-B9EF-43E6-B945-97E48C5C18DB}.Release|x86.Build.0 = Release|Any CPU
	EndGlobalSection
	GlobalSection(SolutionProperties) = preSolution
		HideSolutionNode = FALSE
	EndGlobalSection
	GlobalSection(NestedProjects) = preSolution
		{0E4AA467-3C21-4D74-BB35-2E839EC280A6} = {1AE8ACA6-933B-BF2A-3671-3E2EAC007D16}
		{C8B1058A-7435-4484-9FC3-02DBE3023E0C} = {0AB3BF05-4346-4AA6-1389-037BE0695223}
		{3E0F0E00-610F-4187-A356-5AA1AFE48821} = {1AE8ACA6-933B-BF2A-3671-3E2EAC007D16}
		{1A8964E5-B9EF-43E6-B945-97E48C5C18DB} = {0AB3BF05-4346-4AA6-1389-037BE0695223}
	EndGlobalSection
EndGlobal
